
Microsoft Visual Studio Solution File, Format Version 12.00
# Visual Studio Version 16
VisualStudioVersion = 16.0.32602.291
MinimumVisualStudioVersion = 10.0.40219.1
Project("{2150E333-8FDC-42A3-9474-1A3956D46DE8}") = "Management", "Management", "{62592BFE-DF8A-419E-8F7B-281D319CA7EF}"
EndProject
Project("{2150E333-8FDC-42A3-9474-1A3956D46DE8}") = "Application", "Application", "{C55FADCC-0475-4E5B-8282-19B195C0423F}"
EndProject
Project("{2150E333-8FDC-42A3-9474-1A3956D46DE8}") = "Domin", "Domin", "{836B053E-9D9B-4CC3-AC68-EDF79824CE44}"
EndProject
Project("{2150E333-8FDC-42A3-9474-1A3956D46DE8}") = "Infrastructure", "Infrastructure", "{BF8F5479-AC8A-4546-9366-3DF3C1CA7F32}"
EndProject
Project("{9A19103F-16F7-4668-BE54-9A1E7A4F7556}") = "Application", "Application\Application.csproj", "{675A1EBA-8E40-453E-993C-1B6D611B58D0}"
EndProject
Project("{9A19103F-16F7-4668-BE54-9A1E7A4F7556}") = "Contracts", "Contracts\Contracts.csproj", "{087BBFA4-3CDA-4627-B446-D5E5C5C65405}"
EndProject
Project("{9A19103F-16F7-4668-BE54-9A1E7A4F7556}") = "Domin", "Domin\Domin.csproj", "{12A885CC-FEC3-4047-994A-E1D1AD8E53B3}"
EndProject
Project("{9A19103F-16F7-4668-BE54-9A1E7A4F7556}") = "Configuration", "Configuration\Configuration.csproj", "{0B0C174D-4BD1-4F34-8F26-79EBD5D096B3}"
EndProject
Project("{9A19103F-16F7-4668-BE54-9A1E7A4F7556}") = "Infrastructure", "Infrastructure\Infrastructure.csproj", "{540F67EF-6C47-400C-9334-E28876E41696}"
EndProject
Project("{9A19103F-16F7-4668-BE54-9A1E7A4F7556}") = "ServiceHost", "ServiceHost\ServiceHost.csproj", "{E89B0A2F-B27F-4A7A-91FF-CDC7390515A2}"
EndProject
Project("{9A19103F-16F7-4668-BE54-9A1E7A4F7556}") = "0_Framework", "0_Framework\0_Framework.csproj", "{22563159-103B-49AF-9731-D709E786EB9D}"
EndProject
Project("{9A19103F-16F7-4668-BE54-9A1E7A4F7556}") = "01_FazliMarketQuery", "01_Fazli MarketQuery\01_FazliMarketQuery.csproj", "{0B685FFF-E2EF-46BE-9E6C-7ECB4FD4D92D}"
EndProject
Global
	GlobalSection(SolutionConfigurationPlatforms) = preSolution
		Debug|Any CPU = Debug|Any CPU
		Release|Any CPU = Release|Any CPU
	EndGlobalSection
	GlobalSection(ProjectConfigurationPlatforms) = postSolution
		{675A1EBA-8E40-453E-993C-1B6D611B58D0}.Debug|Any CPU.ActiveCfg = Debug|Any CPU
		{675A1EBA-8E40-453E-993C-1B6D611B58D0}.Debug|Any CPU.Build.0 = Debug|Any CPU
		{675A1EBA-8E40-453E-993C-1B6D611B58D0}.Release|Any CPU.ActiveCfg = Release|Any CPU
		{675A1EBA-8E40-453E-993C-1B6D611B58D0}.Release|Any CPU.Build.0 = Release|Any CPU
		{087BBFA4-3CDA-4627-B446-D5E5C5C65405}.Debug|Any CPU.ActiveCfg = Debug|Any CPU
		{087BBFA4-3CDA-4627-B446-D5E5C5C65405}.Debug|Any CPU.Build.0 = Debug|Any CPU
		{087BBFA4-3CDA-4627-B446-D5E5C5C65405}.Release|Any CPU.ActiveCfg = Release|Any CPU
		{087BBFA4-3CDA-4627-B446-D5E5C5C65405}.Release|Any CPU.Build.0 = Release|Any CPU
		{12A885CC-FEC3-4047-994A-E1D1AD8E53B3}.Debug|Any CPU.ActiveCfg = Debug|Any CPU
		{12A885CC-FEC3-4047-994A-E1D1AD8E53B3}.Debug|Any CPU.Build.0 = Debug|Any CPU
		{12A885CC-FEC3-4047-994A-E1D1AD8E53B3}.Release|Any CPU.ActiveCfg = Release|Any CPU
		{12A885CC-FEC3-4047-994A-E1D1AD8E53B3}.Release|Any CPU.Build.0 = Release|Any CPU
		{0B0C174D-4BD1-4F34-8F26-79EBD5D096B3}.Debug|Any CPU.ActiveCfg = Debug|Any CPU
		{0B0C174D-4BD1-4F34-8F26-79EBD5D096B3}.Debug|Any CPU.Build.0 = Debug|Any CPU
		{0B0C174D-4BD1-4F34-8F26-79EBD5D096B3}.Release|Any CPU.ActiveCfg = Release|Any CPU
		{0B0C174D-4BD1-4F34-8F26-79EBD5D096B3}.Release|Any CPU.Build.0 = Release|Any CPU
		{540F67EF-6C47-400C-9334-E28876E41696}.Debug|Any CPU.ActiveCfg = Debug|Any CPU
		{540F67EF-6C47-400C-9334-E28876E41696}.Debug|Any CPU.Build.0 = Debug|Any CPU
		{540F67EF-6C47-400C-9334-E28876E41696}.Release|Any CPU.ActiveCfg = Release|Any CPU
		{540F67EF-6C47-400C-9334-E28876E41696}.Release|Any CPU.Build.0 = Release|Any CPU
		{E89B0A2F-B27F-4A7A-91FF-CDC7390515A2}.Debug|Any CPU.ActiveCfg = Debug|Any CPU
		{E89B0A2F-B27F-4A7A-91FF-CDC7390515A2}.Debug|Any CPU.Build.0 = Debug|Any CPU
		{E89B0A2F-B27F-4A7A-91FF-CDC7390515A2}.Release|Any CPU.ActiveCfg = Release|Any CPU
		{E89B0A2F-B27F-4A7A-91FF-CDC7390515A2}.Release|Any CPU.Build.0 = Release|Any CPU
		{22563159-103B-49AF-9731-D709E786EB9D}.Debug|Any CPU.ActiveCfg = Debug|Any CPU
		{22563159-103B-49AF-9731-D709E786EB9D}.Debug|Any CPU.Build.0 = Debug|Any CPU
		{22563159-103B-49AF-9731-D709E786EB9D}.Release|Any CPU.ActiveCfg = Release|Any CPU
		{22563159-103B-49AF-9731-D709E786EB9D}.Release|Any CPU.Build.0 = Release|Any CPU
		{0B685FFF-E2EF-46BE-9E6C-7ECB4FD4D92D}.Debug|Any CPU.ActiveCfg = Debug|Any CPU
		{0B685FFF-E2EF-46BE-9E6C-7ECB4FD4D92D}.Debug|Any CPU.Build.0 = Debug|Any CPU
		{0B685FFF-E2EF-46BE-9E6C-7ECB4FD4D92D}.Release|Any CPU.ActiveCfg = Release|Any CPU
		{0B685FFF-E2EF-46BE-9E6C-7ECB4FD4D92D}.Release|Any CPU.Build.0 = Release|Any CPU
	EndGlobalSection
	GlobalSection(SolutionProperties) = preSolution
		HideSolutionNode = FALSE
	EndGlobalSection
	GlobalSection(NestedProjects) = preSolution
		{C55FADCC-0475-4E5B-8282-19B195C0423F} = {62592BFE-DF8A-419E-8F7B-281D319CA7EF}
		{836B053E-9D9B-4CC3-AC68-EDF79824CE44} = {62592BFE-DF8A-419E-8F7B-281D319CA7EF}
		{BF8F5479-AC8A-4546-9366-3DF3C1CA7F32} = {62592BFE-DF8A-419E-8F7B-281D319CA7EF}
		{675A1EBA-8E40-453E-993C-1B6D611B58D0} = {C55FADCC-0475-4E5B-8282-19B195C0423F}
		{087BBFA4-3CDA-4627-B446-D5E5C5C65405} = {C55FADCC-0475-4E5B-8282-19B195C0423F}
		{12A885CC-FEC3-4047-994A-E1D1AD8E53B3} = {836B053E-9D9B-4CC3-AC68-EDF79824CE44}
		{0B0C174D-4BD1-4F34-8F26-79EBD5D096B3} = {BF8F5479-AC8A-4546-9366-3DF3C1CA7F32}
		{540F67EF-6C47-400C-9334-E28876E41696} = {BF8F5479-AC8A-4546-9366-3DF3C1CA7F32}
	EndGlobalSection
	GlobalSection(ExtensibilityGlobals) = postSolution
		SolutionGuid = {B325332A-8E19-46DA-A74B-0FFE4D6F3229}
	EndGlobalSection
EndGlobal
